
Microsoft Visual Studio Solution File, Format Version 12.00
# Visual Studio 15
Project("{FAE04EC0-301F-11D3-BF4B-00C04F79EFBC}") = "Street Racing", "Assembly-CSharp.csproj", "{40472412-1FA0-C8B8-CFC9-6782604B5C99}"
EndProject
Project("{FAE04EC0-301F-11D3-BF4B-00C04F79EFBC}") = "Street Racing", "Assembly-CSharp-Editor.csproj", "{5A1DC786-91BD-6E73-2563-EE24B772BE1C}"
EndProject
Global
	GlobalSection(SolutionConfigurationPlatforms) = preSolution
		Debug|Any CPU = Debug|Any CPU
		Release|Any CPU = Release|Any CPU
	EndGlobalSection
	GlobalSection(ProjectConfigurationPlatforms) = postSolution
		{40472412-1FA0-C8B8-CFC9-6782604B5C99}.Debug|Any CPU.ActiveCfg = Debug|Any CPU
		{40472412-1FA0-C8B8-CFC9-6782604B5C99}.Debug|Any CPU.Build.0 = Debug|Any CPU
		{40472412-1FA0-C8B8-CFC9-6782604B5C99}.Release|Any CPU.ActiveCfg = Release|Any CPU
		{40472412-1FA0-C8B8-CFC9-6782604B5C99}.Release|Any CPU.Build.0 = Release|Any CPU
		{5A1DC786-91BD-6E73-2563-EE24B772BE1C}.Debug|Any CPU.ActiveCfg = Debug|Any CPU
		{5A1DC786-91BD-6E73-2563-EE24B772BE1C}.Debug|Any CPU.Build.0 = Debug|Any CPU
		{5A1DC786-91BD-6E73-2563-EE24B772BE1C}.Release|Any CPU.ActiveCfg = Release|Any CPU
		{5A1DC786-91BD-6E73-2563-EE24B772BE1C}.Release|Any CPU.Build.0 = Release|Any CPU
	EndGlobalSection
	GlobalSection(SolutionProperties) = preSolution
		HideSolutionNode = FALSE
	EndGlobalSection
EndGlobal
