
Microsoft Visual Studio Solution File, Format Version 12.00
# Visual Studio 15
Project("{FAE04EC0-301F-11D3-BF4B-00C04F79EFBC}") = "1 - Low level without DRT", "Assembly-CSharp.csproj", "{726DE535-FC4C-F009-DE74-059E462E156D}"
EndProject
Project("{FAE04EC0-301F-11D3-BF4B-00C04F79EFBC}") = "1 - Low level without DRT", "Assembly-CSharp-Editor.csproj", "{9094DA39-152F-FC86-62D0-FFBE456340B5}"
EndProject
Global
	GlobalSection(SolutionConfigurationPlatforms) = preSolution
		Debug|Any CPU = Debug|Any CPU
		Release|Any CPU = Release|Any CPU
	EndGlobalSection
	GlobalSection(ProjectConfigurationPlatforms) = postSolution
		{726DE535-FC4C-F009-DE74-059E462E156D}.Debug|Any CPU.ActiveCfg = Debug|Any CPU
		{726DE535-FC4C-F009-DE74-059E462E156D}.Debug|Any CPU.Build.0 = Debug|Any CPU
		{726DE535-FC4C-F009-DE74-059E462E156D}.Release|Any CPU.ActiveCfg = Release|Any CPU
		{726DE535-FC4C-F009-DE74-059E462E156D}.Release|Any CPU.Build.0 = Release|Any CPU
		{9094DA39-152F-FC86-62D0-FFBE456340B5}.Debug|Any CPU.ActiveCfg = Debug|Any CPU
		{9094DA39-152F-FC86-62D0-FFBE456340B5}.Debug|Any CPU.Build.0 = Debug|Any CPU
		{9094DA39-152F-FC86-62D0-FFBE456340B5}.Release|Any CPU.ActiveCfg = Release|Any CPU
		{9094DA39-152F-FC86-62D0-FFBE456340B5}.Release|Any CPU.Build.0 = Release|Any CPU
	EndGlobalSection
	GlobalSection(SolutionProperties) = preSolution
		HideSolutionNode = FALSE
	EndGlobalSection
EndGlobal
