
Microsoft Visual Studio Solution File, Format Version 12.00
# Visual Studio 15
Project("{FAE04EC0-301F-11D3-BF4B-00C04F79EFBC}") = "2 - High level without DRT", "Assembly-CSharp.csproj", "{D781EF42-23B7-4B8E-C9FF-84B231C6C0E1}"
EndProject
Project("{FAE04EC0-301F-11D3-BF4B-00C04F79EFBC}") = "2 - High level without DRT", "Assembly-CSharp-Editor.csproj", "{E80CA582-47B5-9E0F-34F0-514B9F6B2149}"
EndProject
Global
	GlobalSection(SolutionConfigurationPlatforms) = preSolution
		Debug|Any CPU = Debug|Any CPU
		Release|Any CPU = Release|Any CPU
	EndGlobalSection
	GlobalSection(ProjectConfigurationPlatforms) = postSolution
		{D781EF42-23B7-4B8E-C9FF-84B231C6C0E1}.Debug|Any CPU.ActiveCfg = Debug|Any CPU
		{D781EF42-23B7-4B8E-C9FF-84B231C6C0E1}.Debug|Any CPU.Build.0 = Debug|Any CPU
		{D781EF42-23B7-4B8E-C9FF-84B231C6C0E1}.Release|Any CPU.ActiveCfg = Release|Any CPU
		{D781EF42-23B7-4B8E-C9FF-84B231C6C0E1}.Release|Any CPU.Build.0 = Release|Any CPU
		{E80CA582-47B5-9E0F-34F0-514B9F6B2149}.Debug|Any CPU.ActiveCfg = Debug|Any CPU
		{E80CA582-47B5-9E0F-34F0-514B9F6B2149}.Debug|Any CPU.Build.0 = Debug|Any CPU
		{E80CA582-47B5-9E0F-34F0-514B9F6B2149}.Release|Any CPU.ActiveCfg = Release|Any CPU
		{E80CA582-47B5-9E0F-34F0-514B9F6B2149}.Release|Any CPU.Build.0 = Release|Any CPU
	EndGlobalSection
	GlobalSection(SolutionProperties) = preSolution
		HideSolutionNode = FALSE
	EndGlobalSection
EndGlobal
